# THIS IS AN AUTOGENERATED FILE. DO NOT EDIT THIS FILE DIRECTLY.
# yarn lockfile v1


"@actions/core@^1.0.0":
  version "1.0.0"
  resolved "https://registry.yarnpkg.com/@actions/core/-/core-1.0.0.tgz#4a090a2e958cc300b9ea802331034d5faf42d239"
  integrity sha512-aMIlkx96XH4E/2YZtEOeyrYQfhlas9jIRkfGPqMwXD095Rdkzo4lB6ZmbxPQSzD+e1M+Xsm98ZhuSMYGv/AlqA==

"@types/node@^12.0.4":
  version "12.7.2"
  resolved "https://registry.yarnpkg.com/@types/node/-/node-12.7.2.tgz#c4e63af5e8823ce9cc3f0b34f7b998c2171f0c44"
  integrity sha512-dyYO+f6ihZEtNPDcWNR1fkoTDf3zAK3lAABDze3mz6POyIercH0lEUawUFXlG8xaQZmm1yEBON/4TsYv/laDYg==
